# This file is automatically @generated by Cargo.
# It is not intended for manual editing.
version = 4

[[package]]
name = "jux-authorx"
version = "0.0.0"

[[package]]
name = "jux-exct"
version = "0.0.0"

[[package]]
name = "jux-orbit"
version = "0.0.0"

[[package]]
name = "jux-scrive"
version = "0.0.0"

[[package]]
name = "jux-xsight"
version = "0.0.0"

[[package]]
name = "jux-xts"
version = "0.0.0"
